
Microsoft Visual Studio Solution File, Format Version 12.00
# Visual Studio 15
VisualStudioVersion = 15.0.27703.2026
MinimumVisualStudioVersion = 10.0.40219.1
Project("{E24C65DC-7377-472B-9ABA-BC803B73C61A}") = "ORC", "ORC", "{ABACB044-24EB-4D3B-9AB1-DA77B4F04142}"
	ProjectSection(WebsiteProperties) = preProject
		TargetFrameworkMoniker = ".NETFramework,Version%3Dv4.6.1"
		Debug.AspNetCompiler.VirtualPath = "/localhost_50531"
		Debug.AspNetCompiler.PhysicalPath = "ORC\"
		Debug.AspNetCompiler.TargetPath = "PrecompiledWeb\localhost_50531\"
		Debug.AspNetCompiler.Updateable = "true"
		Debug.AspNetCompiler.ForceOverwrite = "true"
		Debug.AspNetCompiler.FixedNames = "false"
		Debug.AspNetCompiler.Debug = "True"
		Release.AspNetCompiler.VirtualPath = "/localhost_50531"
		Release.AspNetCompiler.PhysicalPath = "ORC\"
		Release.AspNetCompiler.TargetPath = "PrecompiledWeb\localhost_50531\"
		Release.AspNetCompiler.Updateable = "true"
		Release.AspNetCompiler.ForceOverwrite = "true"
		Release.AspNetCompiler.FixedNames = "false"
		Release.AspNetCompiler.Debug = "False"
		VWDPort = "50531"
		SlnRelativePath = "ORC\"
		DefaultWebSiteLanguage = "Visual C#"
	EndProjectSection
EndProject
Global
	GlobalSection(SolutionConfigurationPlatforms) = preSolution
		Debug|Any CPU = Debug|Any CPU
	EndGlobalSection
	GlobalSection(ProjectConfigurationPlatforms) = postSolution
		{ABACB044-24EB-4D3B-9AB1-DA77B4F04142}.Debug|Any CPU.ActiveCfg = Debug|Any CPU
		{ABACB044-24EB-4D3B-9AB1-DA77B4F04142}.Debug|Any CPU.Build.0 = Debug|Any CPU
	EndGlobalSection
	GlobalSection(SolutionProperties) = preSolution
		HideSolutionNode = FALSE
	EndGlobalSection
	GlobalSection(ExtensibilityGlobals) = postSolution
		SolutionGuid = {9D4B0C68-24D4-4678-BB0E-71EE404B2C9E}
	EndGlobalSection
EndGlobal
